{
  "originHash" : "e2b1936ab95437ad2520648b7cc9d5dcdc6a4c9ca8083e7888addea9a3e6538a",
  "pins" : [
    {
      "identity" : "regex",
      "kind" : "remoteSourceControl",
      "location" : "https://github.com/crossroadlabs/Regex",
      "state" : {
        "revision" : "166728756082a9cac6e4aed3ebbce8e41cb3a945",
        "version" : "1.2.0"
      }
    },
    {
      "identity" : "semaphore",
      "kind" : "remoteSourceControl",
      "location" : "https://github.com/groue/Semaphore.git",
      "state" : {
        "revision" : "2543679282aa6f6c8ecf2138acd613ed20790bc2",
        "version" : "0.1.0"
      }
    },
    {
      "identity" : "swift-argument-parser",
      "kind" : "remoteSourceControl",
      "location" : "https://github.com/apple/swift-argument-parser",
      "state" : {
        "revision" : "41982a3656a71c768319979febd796c6fd111d5c",
        "version" : "1.5.0"
      }
    },
    {
      "identity" : "swift-log",
      "kind" : "remoteSourceControl",
      "location" : "https://github.com/apple/swift-log.git",
      "state" : {
        "revision" : "9cb486020ebf03bfa5b5df985387a14a98744537",
        "version" : "1.6.1"
      }
    },
    {
      "identity" : "zip",
      "kind" : "remoteSourceControl",
      "location" : "https://github.com/vapor-community/Zip",
      "state" : {
        "revision" : "567d51516b3bdbc823669a943d8b4f6bc6c6dafc",
        "version" : "2.2.3"
      }
    }
  ],
  "version" : 3
}
